// !$*UTF8*$!
{
	archiveVersion = 1;
	classes = {
	};
	objectVersion = 46;
	objects = {

/* Begin PBXBuildFile section */
		97D48A241AD57DB600B0ACB7 /* ios-sdk.h in CopyFiles */ = {isa = PBXBuildFile; fileRef = 97D48A231AD57DB600B0ACB7 /* ios-sdk.h */; };
		97D48A261AD57DB600B0ACB7 /* ios-sdk.m in Sources */ = {isa = PBXBuildFile; fileRef = 97D48A251AD57DB600B0ACB7 /* ios-sdk.m */; };
		97D48A2C1AD57DB600B0ACB7 /* libios-sdk.a in Frameworks */ = {isa = PBXBuildFile; fileRef = 97D48A201AD57DB600B0ACB7 /* libios-sdk.a */; };
		97D48A3B1AD57E0F00B0ACB7 /* ios-sdkTests.m in Sources */ = {isa = PBXBuildFile; fileRef = 97D48A3A1AD57E0F00B0ACB7 /* ios-sdkTests.m */; };
		97D48A3D1AD57F7100B0ACB7 /* openssl.framework in Frameworks */ = {isa = PBXBuildFile; fileRef = 97D48A3C1AD57F7100B0ACB7 /* openssl.framework */; };
		97D48A3E1AD57F7100B0ACB7 /* openssl.framework in Frameworks */ = {isa = PBXBuildFile; fileRef = 97D48A3C1AD57F7100B0ACB7 /* openssl.framework */; };
/* End PBXBuildFile section */

/* Begin PBXContainerItemProxy section */
		97D48A2D1AD57DB600B0ACB7 /* PBXContainerItemProxy */ = {
			isa = PBXContainerItemProxy;
			containerPortal = 97D48A181AD57DB600B0ACB7 /* Project object */;
			proxyType = 1;
			remoteGlobalIDString = 97D48A1F1AD57DB600B0ACB7;
			remoteInfo = "ios-sdk";
		};
/* End PBXContainerItemProxy section */

/* Begin PBXCopyFilesBuildPhase section */
		97D48A1E1AD57DB600B0ACB7 /* CopyFiles */ = {
			isa = PBXCopyFilesBuildPhase;
			buildActionMask = 2147483647;
			dstPath = "include/$(PRODUCT_NAME)";
			dstSubfolderSpec = 16;
			files = (
				97D48A241AD57DB600B0ACB7 /* ios-sdk.h in CopyFiles */,
			);
			runOnlyForDeploymentPostprocessing = 0;
		};
/* End PBXCopyFilesBuildPhase section */

/* Begin PBXFileReference section */
		97B917C21ADC060400B93AB1 /* libcrypto.a */ = {isa = PBXFileReference; lastKnownFileType = archive.ar; name = libcrypto.a; path = "ios-sdk/libcrypto.a"; sourceTree = "<group>"; };
		97D48A201AD57DB600B0ACB7 /* libios-sdk.a */ = {isa = PBXFileReference; explicitFileType = archive.ar; includeInIndex = 0; path = "libios-sdk.a"; sourceTree = BUILT_PRODUCTS_DIR; };
		97D48A231AD57DB600B0ACB7 /* ios-sdk.h */ = {isa = PBXFileReference; lastKnownFileType = sourcecode.c.h; path = "ios-sdk.h"; sourceTree = "<group>"; };
		97D48A251AD57DB600B0ACB7 /* ios-sdk.m */ = {isa = PBXFileReference; lastKnownFileType = sourcecode.c.objc; path = "ios-sdk.m"; sourceTree = "<group>"; };
		97D48A2B1AD57DB600B0ACB7 /* ios-sdkTests.xctest */ = {isa = PBXFileReference; explicitFileType = wrapper.cfbundle; includeInIndex = 0; path = "ios-sdkTests.xctest"; sourceTree = BUILT_PRODUCTS_DIR; };
		97D48A311AD57DB600B0ACB7 /* Info.plist */ = {isa = PBXFileReference; lastKnownFileType = text.plist.xml; path = Info.plist; sourceTree = "<group>"; };
		97D48A3A1AD57E0F00B0ACB7 /* ios-sdkTests.m */ = {isa = PBXFileReference; fileEncoding = 4; lastKnownFileType = sourcecode.c.objc; path = "ios-sdkTests.m"; sourceTree = "<group>"; };
		97D48A3C1AD57F7100B0ACB7 /* openssl.framework */ = {isa = PBXFileReference; lastKnownFileType = wrapper.framework; name = openssl.framework; path = "ios-sdk/openssl.framework"; sourceTree = "<group>"; };
/* End PBXFileReference section */

/* Begin PBXFrameworksBuildPhase section */
		97D48A1D1AD57DB600B0ACB7 /* Frameworks */ = {
			isa = PBXFrameworksBuildPhase;
			buildActionMask = 2147483647;
			files = (
				97D48A3D1AD57F7100B0ACB7 /* openssl.framework in Frameworks */,
			);
			runOnlyForDeploymentPostprocessing = 0;
		};
		97D48A281AD57DB600B0ACB7 /* Frameworks */ = {
			isa = PBXFrameworksBuildPhase;
			buildActionMask = 2147483647;
			files = (
				97D48A2C1AD57DB600B0ACB7 /* libios-sdk.a in Frameworks */,
				97D48A3E1AD57F7100B0ACB7 /* openssl.framework in Frameworks */,
			);
			runOnlyForDeploymentPostprocessing = 0;
		};
/* End PBXFrameworksBuildPhase section */

/* Begin PBXGroup section */
		97B917C11ADC05C300B93AB1 /* libs */ = {
			isa = PBXGroup;
			children = (
				97B917C21ADC060400B93AB1 /* libcrypto.a */,
			);
			name = libs;
			sourceTree = "<group>";
		};
		97D48A171AD57DB600B0ACB7 = {
			isa = PBXGroup;
			children = (
				97B917C11ADC05C300B93AB1 /* libs */,
				97D48A3F1AD57FEA00B0ACB7 /* Frameworks */,
				97D48A221AD57DB600B0ACB7 /* ios-sdk */,
				97D48A2F1AD57DB600B0ACB7 /* ios-sdkTests */,
				97D48A211AD57DB600B0ACB7 /* Products */,
			);
			sourceTree = "<group>";
		};
		97D48A211AD57DB600B0ACB7 /* Products */ = {
			isa = PBXGroup;
			children = (
				97D48A201AD57DB600B0ACB7 /* libios-sdk.a */,
				97D48A2B1AD57DB600B0ACB7 /* ios-sdkTests.xctest */,
			);
			name = Products;
			sourceTree = "<group>";
		};
		97D48A221AD57DB600B0ACB7 /* ios-sdk */ = {
			isa = PBXGroup;
			children = (
				97D48A231AD57DB600B0ACB7 /* ios-sdk.h */,
				97D48A251AD57DB600B0ACB7 /* ios-sdk.m */,
			);
			path = "ios-sdk";
			sourceTree = "<group>";
		};
		97D48A2F1AD57DB600B0ACB7 /* ios-sdkTests */ = {
			isa = PBXGroup;
			children = (
				97D48A301AD57DB600B0ACB7 /* Supporting Files */,
				97D48A3A1AD57E0F00B0ACB7 /* ios-sdkTests.m */,
			);
			path = "ios-sdkTests";
			sourceTree = "<group>";
		};
		97D48A301AD57DB600B0ACB7 /* Supporting Files */ = {
			isa = PBXGroup;
			children = (
				97D48A311AD57DB600B0ACB7 /* Info.plist */,
			);
			name = "Supporting Files";
			sourceTree = "<group>";
		};
		97D48A3F1AD57FEA00B0ACB7 /* Frameworks */ = {
			isa = PBXGroup;
			children = (
				97D48A3C1AD57F7100B0ACB7 /* openssl.framework */,
			);
			name = Frameworks;
			sourceTree = "<group>";
		};
/* End PBXGroup section */

/* Begin PBXNativeTarget section */
		97D48A1F1AD57DB600B0ACB7 /* ios-sdk */ = {
			isa = PBXNativeTarget;
			buildConfigurationList = 97D48A341AD57DB600B0ACB7 /* Build configuration list for PBXNativeTarget "ios-sdk" */;
			buildPhases = (
				97D48A1C1AD57DB600B0ACB7 /* Sources */,
				97D48A1D1AD57DB600B0ACB7 /* Frameworks */,
				97D48A1E1AD57DB600B0ACB7 /* CopyFiles */,
			);
			buildRules = (
			);
			dependencies = (
			);
			name = "ios-sdk";
			productName = "ios-sdk";
			productReference = 97D48A201AD57DB600B0ACB7 /* libios-sdk.a */;
			productType = "com.apple.product-type.library.static";
		};
		97D48A2A1AD57DB600B0ACB7 /* ios-sdkTests */ = {
			isa = PBXNativeTarget;
			buildConfigurationList = 97D48A371AD57DB600B0ACB7 /* Build configuration list for PBXNativeTarget "ios-sdkTests" */;
			buildPhases = (
				97D48A271AD57DB600B0ACB7 /* Sources */,
				97D48A281AD57DB600B0ACB7 /* Frameworks */,
				97D48A291AD57DB600B0ACB7 /* Resources */,
			);
			buildRules = (
			);
			dependencies = (
				97D48A2E1AD57DB600B0ACB7 /* PBXTargetDependency */,
			);
			name = "ios-sdkTests";
			productName = "ios-sdkTests";
			productReference = 97D48A2B1AD57DB600B0ACB7 /* ios-sdkTests.xctest */;
			productType = "com.apple.product-type.bundle.unit-test";
		};
/* End PBXNativeTarget section */

/* Begin PBXProject section */
		97D48A181AD57DB600B0ACB7 /* Project object */ = {
			isa = PBXProject;
			attributes = {
				LastUpgradeCheck = 0620;
				ORGANIZATIONNAME = bitpay;
				TargetAttributes = {
					97D48A1F1AD57DB600B0ACB7 = {
						CreatedOnToolsVersion = 6.2;
					};
					97D48A2A1AD57DB600B0ACB7 = {
						CreatedOnToolsVersion = 6.2;
					};
				};
			};
			buildConfigurationList = 97D48A1B1AD57DB600B0ACB7 /* Build configuration list for PBXProject "ios-sdk" */;
			compatibilityVersion = "Xcode 3.2";
			developmentRegion = English;
			hasScannedForEncodings = 0;
			knownRegions = (
				en,
			);
			mainGroup = 97D48A171AD57DB600B0ACB7;
			productRefGroup = 97D48A211AD57DB600B0ACB7 /* Products */;
			projectDirPath = "";
			projectRoot = "";
			targets = (
				97D48A1F1AD57DB600B0ACB7 /* ios-sdk */,
				97D48A2A1AD57DB600B0ACB7 /* ios-sdkTests */,
			);
		};
/* End PBXProject section */

/* Begin PBXResourcesBuildPhase section */
		97D48A291AD57DB600B0ACB7 /* Resources */ = {
			isa = PBXResourcesBuildPhase;
			buildActionMask = 2147483647;
			files = (
			);
			runOnlyForDeploymentPostprocessing = 0;
		};
/* End PBXResourcesBuildPhase section */

/* Begin PBXSourcesBuildPhase section */
		97D48A1C1AD57DB600B0ACB7 /* Sources */ = {
			isa = PBXSourcesBuildPhase;
			buildActionMask = 2147483647;
			files = (
				97D48A261AD57DB600B0ACB7 /* ios-sdk.m in Sources */,
			);
			runOnlyForDeploymentPostprocessing = 0;
		};
		97D48A271AD57DB600B0ACB7 /* Sources */ = {
			isa = PBXSourcesBuildPhase;
			buildActionMask = 2147483647;
			files = (
				97D48A3B1AD57E0F00B0ACB7 /* ios-sdkTests.m in Sources */,
			);
			runOnlyForDeploymentPostprocessing = 0;
		};
/* End PBXSourcesBuildPhase section */

/* Begin PBXTargetDependency section */
		97D48A2E1AD57DB600B0ACB7 /* PBXTargetDependency */ = {
			isa = PBXTargetDependency;
			target = 97D48A1F1AD57DB600B0ACB7 /* ios-sdk */;
			targetProxy = 97D48A2D1AD57DB600B0ACB7 /* PBXContainerItemProxy */;
		};
/* End PBXTargetDependency section */

/* Begin XCBuildConfiguration section */
		97D48A321AD57DB600B0ACB7 /* Debug */ = {
			isa = XCBuildConfiguration;
			buildSettings = {
				ALWAYS_SEARCH_USER_PATHS = NO;
				CLANG_CXX_LANGUAGE_STANDARD = "gnu++0x";
				CLANG_CXX_LIBRARY = "libc++";
				CLANG_ENABLE_MODULES = YES;
				CLANG_ENABLE_OBJC_ARC = YES;
				CLANG_WARN_BOOL_CONVERSION = YES;
				CLANG_WARN_CONSTANT_CONVERSION = YES;
				CLANG_WARN_DIRECT_OBJC_ISA_USAGE = YES_ERROR;
				CLANG_WARN_EMPTY_BODY = YES;
				CLANG_WARN_ENUM_CONVERSION = YES;
				CLANG_WARN_INT_CONVERSION = YES;
				CLANG_WARN_OBJC_ROOT_CLASS = YES_ERROR;
				CLANG_WARN_UNREACHABLE_CODE = YES;
				CLANG_WARN__DUPLICATE_METHOD_MATCH = YES;
				COPY_PHASE_STRIP = NO;
				ENABLE_STRICT_OBJC_MSGSEND = YES;
				GCC_C_LANGUAGE_STANDARD = gnu99;
				GCC_DYNAMIC_NO_PIC = NO;
				GCC_OPTIMIZATION_LEVEL = 0;
				GCC_PREPROCESSOR_DEFINITIONS = (
					"DEBUG=1",
					"$(inherited)",
				);
				GCC_SYMBOLS_PRIVATE_EXTERN = NO;
				GCC_WARN_64_TO_32_BIT_CONVERSION = YES;
				GCC_WARN_ABOUT_RETURN_TYPE = YES_ERROR;
				GCC_WARN_UNDECLARED_SELECTOR = YES;
				GCC_WARN_UNINITIALIZED_AUTOS = YES_AGGRESSIVE;
				GCC_WARN_UNUSED_FUNCTION = YES;
				GCC_WARN_UNUSED_VARIABLE = YES;
				IPHONEOS_DEPLOYMENT_TARGET = 8.2;
				MTL_ENABLE_DEBUG_INFO = YES;
				ONLY_ACTIVE_ARCH = YES;
				SDKROOT = iphoneos;
			};
			name = Debug;
		};
		97D48A331AD57DB600B0ACB7 /* Release */ = {
			isa = XCBuildConfiguration;
			buildSettings = {
				ALWAYS_SEARCH_USER_PATHS = NO;
				CLANG_CXX_LANGUAGE_STANDARD = "gnu++0x";
				CLANG_CXX_LIBRARY = "libc++";
				CLANG_ENABLE_MODULES = YES;
				CLANG_ENABLE_OBJC_ARC = YES;
				CLANG_WARN_BOOL_CONVERSION = YES;
				CLANG_WARN_CONSTANT_CONVERSION = YES;
				CLANG_WARN_DIRECT_OBJC_ISA_USAGE = YES_ERROR;
				CLANG_WARN_EMPTY_BODY = YES;
				CLANG_WARN_ENUM_CONVERSION = YES;
				CLANG_WARN_INT_CONVERSION = YES;
				CLANG_WARN_OBJC_ROOT_CLASS = YES_ERROR;
				CLANG_WARN_UNREACHABLE_CODE = YES;
				CLANG_WARN__DUPLICATE_METHOD_MATCH = YES;
				COPY_PHASE_STRIP = NO;
				ENABLE_NS_ASSERTIONS = NO;
				ENABLE_STRICT_OBJC_MSGSEND = YES;
				GCC_C_LANGUAGE_STANDARD = gnu99;
				GCC_WARN_64_TO_32_BIT_CONVERSION = YES;
				GCC_WARN_ABOUT_RETURN_TYPE = YES_ERROR;
				GCC_WARN_UNDECLARED_SELECTOR = YES;
				GCC_WARN_UNINITIALIZED_AUTOS = YES_AGGRESSIVE;
				GCC_WARN_UNUSED_FUNCTION = YES;
				GCC_WARN_UNUSED_VARIABLE = YES;
				IPHONEOS_DEPLOYMENT_TARGET = 8.2;
				MTL_ENABLE_DEBUG_INFO = NO;
				SDKROOT = iphoneos;
				VALIDATE_PRODUCT = YES;
			};
			name = Release;
		};
		97D48A351AD57DB600B0ACB7 /* Debug */ = {
			isa = XCBuildConfiguration;
			buildSettings = {
				FRAMEWORK_SEARCH_PATHS = (
					"$(inherited)",
					"$(PROJECT_DIR)/ios-sdk",
				);
				LIBRARY_SEARCH_PATHS = (
					"$(inherited)",
					"$(PROJECT_DIR)",
					"$(PROJECT_DIR)/ios-sdk",
				);
				OTHER_LDFLAGS = "-ObjC";
				PRODUCT_NAME = "$(TARGET_NAME)";
				SKIP_INSTALL = YES;
			};
			name = Debug;
		};
		97D48A361AD57DB600B0ACB7 /* Release */ = {
			isa = XCBuildConfiguration;
			buildSettings = {
				FRAMEWORK_SEARCH_PATHS = (
					"$(inherited)",
					"$(PROJECT_DIR)/ios-sdk",
				);
				LIBRARY_SEARCH_PATHS = (
					"$(inherited)",
					"$(PROJECT_DIR)",
					"$(PROJECT_DIR)/ios-sdk",
				);
				OTHER_LDFLAGS = "-ObjC";
				PRODUCT_NAME = "$(TARGET_NAME)";
				SKIP_INSTALL = YES;
			};
			name = Release;
		};
		97D48A381AD57DB600B0ACB7 /* Debug */ = {
			isa = XCBuildConfiguration;
			buildSettings = {
				FRAMEWORK_SEARCH_PATHS = (
					"$(SDKROOT)/Developer/Library/Frameworks",
					"$(inherited)",
					"$(PROJECT_DIR)/ios-sdk",
				);
				GCC_PREPROCESSOR_DEFINITIONS = (
					"DEBUG=1",
					"$(inherited)",
				);
				INFOPLIST_FILE = "ios-sdkTests/Info.plist";
				LD_RUNPATH_SEARCH_PATHS = "$(inherited) @executable_path/Frameworks @loader_path/Frameworks";
				PRODUCT_NAME = "$(TARGET_NAME)";
			};
			name = Debug;
		};
		97D48A391AD57DB600B0ACB7 /* Release */ = {
			isa = XCBuildConfiguration;
			buildSettings = {
				FRAMEWORK_SEARCH_PATHS = (
					"$(SDKROOT)/Developer/Library/Frameworks",
					"$(inherited)",
					"$(PROJECT_DIR)/ios-sdk",
				);
				INFOPLIST_FILE = "ios-sdkTests/Info.plist";
				LD_RUNPATH_SEARCH_PATHS = "$(inherited) @executable_path/Frameworks @loader_path/Frameworks";
				PRODUCT_NAME = "$(TARGET_NAME)";
			};
			name = Release;
		};
/* End XCBuildConfiguration section */

/* Begin XCConfigurationList section */
		97D48A1B1AD57DB600B0ACB7 /* Build configuration list for PBXProject "ios-sdk" */ = {
			isa = XCConfigurationList;
			buildConfigurations = (
				97D48A321AD57DB600B0ACB7 /* Debug */,
				97D48A331AD57DB600B0ACB7 /* Release */,
			);
			defaultConfigurationIsVisible = 0;
			defaultConfigurationName = Release;
		};
		97D48A341AD57DB600B0ACB7 /* Build configuration list for PBXNativeTarget "ios-sdk" */ = {
			isa = XCConfigurationList;
			buildConfigurations = (
				97D48A351AD57DB600B0ACB7 /* Debug */,
				97D48A361AD57DB600B0ACB7 /* Release */,
			);
			defaultConfigurationIsVisible = 0;
			defaultConfigurationName = Release;
		};
		97D48A371AD57DB600B0ACB7 /* Build configuration list for PBXNativeTarget "ios-sdkTests" */ = {
			isa = XCConfigurationList;
			buildConfigurations = (
				97D48A381AD57DB600B0ACB7 /* Debug */,
				97D48A391AD57DB600B0ACB7 /* Release */,
			);
			defaultConfigurationIsVisible = 0;
			defaultConfigurationName = Release;
		};
/* End XCConfigurationList section */
	};
	rootObject = 97D48A181AD57DB600B0ACB7 /* Project object */;
}
